
Microsoft Visual Studio Solution File, Format Version 10.00
# Visual Studio 2008
Project("{FAE04EC0-301F-11D3-BF4B-00C04F79EFBC}") = "UseNewFontOCRB", "UseNewFontOCRB\UseNewFontOCRB.csproj", "{555FEE57-91F4-4CB9-B46E-E2516F8046EC}"
EndProject
Global
	GlobalSection(SolutionConfigurationPlatforms) = preSolution
		Debug|Any CPU = Debug|Any CPU
		Release|Any CPU = Release|Any CPU
	EndGlobalSection
	GlobalSection(ProjectConfigurationPlatforms) = postSolution
		{555FEE57-91F4-4CB9-B46E-E2516F8046EC}.Debug|Any CPU.ActiveCfg = Debug|Any CPU
		{555FEE57-91F4-4CB9-B46E-E2516F8046EC}.Debug|Any CPU.Build.0 = Debug|Any CPU
		{555FEE57-91F4-4CB9-B46E-E2516F8046EC}.Release|Any CPU.ActiveCfg = Release|Any CPU
		{555FEE57-91F4-4CB9-B46E-E2516F8046EC}.Release|Any CPU.Build.0 = Release|Any CPU
	EndGlobalSection
	GlobalSection(SolutionProperties) = preSolution
		HideSolutionNode = FALSE
	EndGlobalSection
EndGlobal
