
Microsoft Visual Studio Solution File, Format Version 9.00
# Visual Studio 2005
Project("{FAE04EC0-301F-11D3-BF4B-00C04F79EFBC}") = "C_SHARP_STUDY", "WindowsApplication2\C_SHARP_STUDY.csproj", "{12FB9791-67E5-4716-97BE-55983A9C8DC0}"
EndProject
Global
	GlobalSection(SolutionConfigurationPlatforms) = preSolution
		Debug|Any CPU = Debug|Any CPU
		Release|Any CPU = Release|Any CPU
	EndGlobalSection
	GlobalSection(ProjectConfigurationPlatforms) = postSolution
		{12FB9791-67E5-4716-97BE-55983A9C8DC0}.Debug|Any CPU.ActiveCfg = Debug|Any CPU
		{12FB9791-67E5-4716-97BE-55983A9C8DC0}.Debug|Any CPU.Build.0 = Debug|Any CPU
		{12FB9791-67E5-4716-97BE-55983A9C8DC0}.Release|Any CPU.ActiveCfg = Release|Any CPU
		{12FB9791-67E5-4716-97BE-55983A9C8DC0}.Release|Any CPU.Build.0 = Release|Any CPU
	EndGlobalSection
	GlobalSection(SolutionProperties) = preSolution
		HideSolutionNode = FALSE
	EndGlobalSection
EndGlobal
